
Microsoft Visual Studio Solution File, Format Version 12.00
# Visual Studio Version 17
VisualStudioVersion = 17.14.36301.6 d17.14
MinimumVisualStudioVersion = 10.0.40219.1
Project("{FAE04EC0-301F-11D3-BF4B-00C04F79EFBC}") = "MemoryManagement", "MemoryManagement\MemoryManagement.csproj", "{60583863-4870-47EE-94D4-6A6CF18FD1E4}"
EndProject
Global
	GlobalSection(SolutionConfigurationPlatforms) = preSolution
		Debug|Any CPU = Debug|Any CPU
		Release|Any CPU = Release|Any CPU
	EndGlobalSection
	GlobalSection(ProjectConfigurationPlatforms) = postSolution
		{60583863-4870-47EE-94D4-6A6CF18FD1E4}.Debug|Any CPU.ActiveCfg = Debug|Any CPU
		{60583863-4870-47EE-94D4-6A6CF18FD1E4}.Debug|Any CPU.Build.0 = Debug|Any CPU
		{60583863-4870-47EE-94D4-6A6CF18FD1E4}.Release|Any CPU.ActiveCfg = Release|Any CPU
		{60583863-4870-47EE-94D4-6A6CF18FD1E4}.Release|Any CPU.Build.0 = Release|Any CPU
	EndGlobalSection
	GlobalSection(SolutionProperties) = preSolution
		HideSolutionNode = FALSE
	EndGlobalSection
	GlobalSection(ExtensibilityGlobals) = postSolution
		SolutionGuid = {B544CA9A-5FF8-4347-97F8-D0C3F5ED81AF}
	EndGlobalSection
EndGlobal
